
Microsoft Visual Studio Solution File, Format Version 12.00
# Visual Studio Version 16
VisualStudioVersion = 16.0.810.22
MinimumVisualStudioVersion = 10.0.40219.1
Project("{FAE04EC0-301F-11D3-BF4B-00C04F79EFBC}") = "Numbers", "Numbers\Numbers.csproj", "{4E82BA4D-6372-4683-90AB-C3D9C2C90A4B}"
EndProject
Project("{FAE04EC0-301F-11D3-BF4B-00C04F79EFBC}") = "App", "App\App.csproj", "{02ED3936-33B3-4FA1-8DC3-B1E2C7FFF744}"
EndProject
Project("{FAE04EC0-301F-11D3-BF4B-00C04F79EFBC}") = "NumbersTest", "NumbersTest\NumbersTest.csproj", "{1D88E047-415D-48C6-B7C1-96241A2040C1}"
EndProject
Global
	GlobalSection(SolutionConfigurationPlatforms) = preSolution
		Debug|Any CPU = Debug|Any CPU
		Release|Any CPU = Release|Any CPU
	EndGlobalSection
	GlobalSection(ProjectConfigurationPlatforms) = postSolution
		{4E82BA4D-6372-4683-90AB-C3D9C2C90A4B}.Debug|Any CPU.ActiveCfg = Debug|Any CPU
		{4E82BA4D-6372-4683-90AB-C3D9C2C90A4B}.Debug|Any CPU.Build.0 = Debug|Any CPU
		{4E82BA4D-6372-4683-90AB-C3D9C2C90A4B}.Release|Any CPU.ActiveCfg = Release|Any CPU
		{4E82BA4D-6372-4683-90AB-C3D9C2C90A4B}.Release|Any CPU.Build.0 = Release|Any CPU
		{02ED3936-33B3-4FA1-8DC3-B1E2C7FFF744}.Debug|Any CPU.ActiveCfg = Debug|Any CPU
		{02ED3936-33B3-4FA1-8DC3-B1E2C7FFF744}.Debug|Any CPU.Build.0 = Debug|Any CPU
		{02ED3936-33B3-4FA1-8DC3-B1E2C7FFF744}.Release|Any CPU.ActiveCfg = Release|Any CPU
		{02ED3936-33B3-4FA1-8DC3-B1E2C7FFF744}.Release|Any CPU.Build.0 = Release|Any CPU
		{1D88E047-415D-48C6-B7C1-96241A2040C1}.Debug|Any CPU.ActiveCfg = Debug|Any CPU
		{1D88E047-415D-48C6-B7C1-96241A2040C1}.Debug|Any CPU.Build.0 = Debug|Any CPU
		{1D88E047-415D-48C6-B7C1-96241A2040C1}.Release|Any CPU.ActiveCfg = Release|Any CPU
		{1D88E047-415D-48C6-B7C1-96241A2040C1}.Release|Any CPU.Build.0 = Release|Any CPU
	EndGlobalSection
	GlobalSection(SolutionProperties) = preSolution
		HideSolutionNode = FALSE
	EndGlobalSection
	GlobalSection(ExtensibilityGlobals) = postSolution
		SolutionGuid = {E29D0BDA-F102-4076-94FD-345AB71A2080}
	EndGlobalSection
EndGlobal
